
Microsoft Visual Studio Solution File, Format Version 12.00
# Visual Studio Version 16
VisualStudioVersion = 16.0.30503.244
MinimumVisualStudioVersion = 10.0.40219.1
Project("{FAE04EC0-301F-11D3-BF4B-00C04F79EFBC}") = "BookStore", "BookStore\BookStore.csproj", "{CD927EE6-CC31-4D2D-8C03-9D93B3B458AA}"
EndProject
Global
	GlobalSection(SolutionConfigurationPlatforms) = preSolution
		Debug|Any CPU = Debug|Any CPU
		Release|Any CPU = Release|Any CPU
	EndGlobalSection
	GlobalSection(ProjectConfigurationPlatforms) = postSolution
		{CD927EE6-CC31-4D2D-8C03-9D93B3B458AA}.Debug|Any CPU.ActiveCfg = Debug|Any CPU
		{CD927EE6-CC31-4D2D-8C03-9D93B3B458AA}.Debug|Any CPU.Build.0 = Debug|Any CPU
		{CD927EE6-CC31-4D2D-8C03-9D93B3B458AA}.Release|Any CPU.ActiveCfg = Release|Any CPU
		{CD927EE6-CC31-4D2D-8C03-9D93B3B458AA}.Release|Any CPU.Build.0 = Release|Any CPU
	EndGlobalSection
	GlobalSection(SolutionProperties) = preSolution
		HideSolutionNode = FALSE
	EndGlobalSection
	GlobalSection(ExtensibilityGlobals) = postSolution
		SolutionGuid = {DE750974-1720-47FB-92F0-338B56F815FF}
	EndGlobalSection
EndGlobal
